
Microsoft Visual Studio Solution File, Format Version 12.00
# Visual Studio Version 17
VisualStudioVersion = 17.6.33829.357
MinimumVisualStudioVersion = 10.0.40219.1
Project("{FAE04EC0-301F-11D3-BF4B-00C04F79EFBC}") = "novaBiblioteca", "novaBiblioteca\novaBiblioteca.csproj", "{1AE43EC6-70C1-4074-98EE-FD7FB769250F}"
EndProject
Global
	GlobalSection(SolutionConfigurationPlatforms) = preSolution
		Debug|Any CPU = Debug|Any CPU
		Release|Any CPU = Release|Any CPU
	EndGlobalSection
	GlobalSection(ProjectConfigurationPlatforms) = postSolution
		{1AE43EC6-70C1-4074-98EE-FD7FB769250F}.Debug|Any CPU.ActiveCfg = Debug|Any CPU
		{1AE43EC6-70C1-4074-98EE-FD7FB769250F}.Debug|Any CPU.Build.0 = Debug|Any CPU
		{1AE43EC6-70C1-4074-98EE-FD7FB769250F}.Release|Any CPU.ActiveCfg = Release|Any CPU
		{1AE43EC6-70C1-4074-98EE-FD7FB769250F}.Release|Any CPU.Build.0 = Release|Any CPU
	EndGlobalSection
	GlobalSection(SolutionProperties) = preSolution
		HideSolutionNode = FALSE
	EndGlobalSection
	GlobalSection(ExtensibilityGlobals) = postSolution
		SolutionGuid = {E1D663D3-75C0-4100-955E-A6266E6F3554}
	EndGlobalSection
EndGlobal
